
Microsoft Visual Studio Solution File, Format Version 12.00
# Visual Studio Version 16
VisualStudioVersion = 16.0.31409.214
MinimumVisualStudioVersion = 10.0.40219.1
Project("{FAE04EC0-301F-11D3-BF4B-00C04F79EFBC}") = "PrimeWebApi_Anc21_net461_1", "PrimeWebApi_Anc21_net461_1\PrimeWebApi_Anc21_net461_1.csproj", "{5C0F35E2-407D-44CD-A02A-2E3667BED9F6}"
EndProject
Project("{FAE04EC0-301F-11D3-BF4B-00C04F79EFBC}") = "PrimeWebApi_Anc21_net461_1.UnitTests", "PrimeWebApi_Anc21_net461_1.UnitTests\PrimeWebApi_Anc21_net461_1.UnitTests.csproj", "{A4ED0995-1421-42A7-8B43-5D243045B72B}"
EndProject
Global
	GlobalSection(SolutionConfigurationPlatforms) = preSolution
		Debug|Any CPU = Debug|Any CPU
		Release|Any CPU = Release|Any CPU
	EndGlobalSection
	GlobalSection(ProjectConfigurationPlatforms) = postSolution
		{5C0F35E2-407D-44CD-A02A-2E3667BED9F6}.Debug|Any CPU.ActiveCfg = Debug|Any CPU
		{5C0F35E2-407D-44CD-A02A-2E3667BED9F6}.Debug|Any CPU.Build.0 = Debug|Any CPU
		{5C0F35E2-407D-44CD-A02A-2E3667BED9F6}.Release|Any CPU.ActiveCfg = Release|Any CPU
		{5C0F35E2-407D-44CD-A02A-2E3667BED9F6}.Release|Any CPU.Build.0 = Release|Any CPU
		{A4ED0995-1421-42A7-8B43-5D243045B72B}.Debug|Any CPU.ActiveCfg = Debug|Any CPU
		{A4ED0995-1421-42A7-8B43-5D243045B72B}.Debug|Any CPU.Build.0 = Debug|Any CPU
		{A4ED0995-1421-42A7-8B43-5D243045B72B}.Release|Any CPU.ActiveCfg = Release|Any CPU
		{A4ED0995-1421-42A7-8B43-5D243045B72B}.Release|Any CPU.Build.0 = Release|Any CPU
	EndGlobalSection
	GlobalSection(SolutionProperties) = preSolution
		HideSolutionNode = FALSE
	EndGlobalSection
	GlobalSection(ExtensibilityGlobals) = postSolution
		SolutionGuid = {371D879C-9111-4A7D-8D62-46492CFFBDCD}
	EndGlobalSection
EndGlobal
