
Microsoft Visual Studio Solution File, Format Version 12.00
# Visual Studio Version 16
VisualStudioVersion = 16.0.30003.165
MinimumVisualStudioVersion = 10.0.40219.1
Project("{FAE04EC0-301F-11D3-BF4B-00C04F79EFBC}") = "WebAppMvc_Anc31_core_Empty_1", "WebAppMvc_Anc31_core_Empty_1\WebAppMvc_Anc31_core_Empty_1.csproj", "{E0C97344-238A-42EF-A7CA-D6E514735F8B}"
EndProject
Global
	GlobalSection(SolutionConfigurationPlatforms) = preSolution
		Debug|Any CPU = Debug|Any CPU
		Release|Any CPU = Release|Any CPU
	EndGlobalSection
	GlobalSection(ProjectConfigurationPlatforms) = postSolution
		{E0C97344-238A-42EF-A7CA-D6E514735F8B}.Debug|Any CPU.ActiveCfg = Debug|Any CPU
		{E0C97344-238A-42EF-A7CA-D6E514735F8B}.Debug|Any CPU.Build.0 = Debug|Any CPU
		{E0C97344-238A-42EF-A7CA-D6E514735F8B}.Release|Any CPU.ActiveCfg = Release|Any CPU
		{E0C97344-238A-42EF-A7CA-D6E514735F8B}.Release|Any CPU.Build.0 = Release|Any CPU
	EndGlobalSection
	GlobalSection(SolutionProperties) = preSolution
		HideSolutionNode = FALSE
	EndGlobalSection
	GlobalSection(ExtensibilityGlobals) = postSolution
		SolutionGuid = {2FDF9208-DD18-48F3-9495-A2BE927DCC63}
	EndGlobalSection
EndGlobal
