
Microsoft Visual Studio Solution File, Format Version 12.00
# Visual Studio Version 16
VisualStudioVersion = 16.0.31327.141
MinimumVisualStudioVersion = 10.0.40219.1
Project("{FAE04EC0-301F-11D3-BF4B-00C04F79EFBC}") = "WebAppMvc_Anc21_net461_IndAuth_1", "WebAppMvc_Anc21_net461_IndAuth_1\WebAppMvc_Anc21_net461_IndAuth_1.csproj", "{2F2E8EC4-0BF0-4DBB-ABFD-A50550A7BAF2}"
EndProject
Global
	GlobalSection(SolutionConfigurationPlatforms) = preSolution
		Debug|Any CPU = Debug|Any CPU
		Release|Any CPU = Release|Any CPU
	EndGlobalSection
	GlobalSection(ProjectConfigurationPlatforms) = postSolution
		{2F2E8EC4-0BF0-4DBB-ABFD-A50550A7BAF2}.Debug|Any CPU.ActiveCfg = Debug|Any CPU
		{2F2E8EC4-0BF0-4DBB-ABFD-A50550A7BAF2}.Debug|Any CPU.Build.0 = Debug|Any CPU
		{2F2E8EC4-0BF0-4DBB-ABFD-A50550A7BAF2}.Release|Any CPU.ActiveCfg = Release|Any CPU
		{2F2E8EC4-0BF0-4DBB-ABFD-A50550A7BAF2}.Release|Any CPU.Build.0 = Release|Any CPU
	EndGlobalSection
	GlobalSection(SolutionProperties) = preSolution
		HideSolutionNode = FALSE
	EndGlobalSection
	GlobalSection(ExtensibilityGlobals) = postSolution
		SolutionGuid = {39B4B5EB-DB8F-4F18-B4E4-3054DE0051B4}
	EndGlobalSection
EndGlobal
